
Microsoft Visual Studio Solution File, Format Version 12.00
# Visual Studio Version 16
VisualStudioVersion = 16.0.30204.135
MinimumVisualStudioVersion = 10.0.40219.1
Project("{9A19103F-16F7-4668-BE54-9A1E7A4F7556}") = "LocalizationApi", "LocalizationApi.csproj", "{9512EE9B-EF3E-44A1-85FC-1721A9E6C3F5}"
EndProject
Global
	GlobalSection(SolutionConfigurationPlatforms) = preSolution
		Debug|Any CPU = Debug|Any CPU
		Release|Any CPU = Release|Any CPU
	EndGlobalSection
	GlobalSection(ProjectConfigurationPlatforms) = postSolution
		{9512EE9B-EF3E-44A1-85FC-1721A9E6C3F5}.Debug|Any CPU.ActiveCfg = Debug|Any CPU
		{9512EE9B-EF3E-44A1-85FC-1721A9E6C3F5}.Debug|Any CPU.Build.0 = Debug|Any CPU
		{9512EE9B-EF3E-44A1-85FC-1721A9E6C3F5}.Release|Any CPU.ActiveCfg = Release|Any CPU
		{9512EE9B-EF3E-44A1-85FC-1721A9E6C3F5}.Release|Any CPU.Build.0 = Release|Any CPU
	EndGlobalSection
	GlobalSection(SolutionProperties) = preSolution
		HideSolutionNode = FALSE
	EndGlobalSection
	GlobalSection(ExtensibilityGlobals) = postSolution
		SolutionGuid = {B4BDFD87-8077-4647-A40A-C6A3B9BEA78D}
	EndGlobalSection
EndGlobal
